
Microsoft Visual Studio Solution File, Format Version 9.00
# Visual Studio 2005
Project("{E24C65DC-7377-472B-9ABA-BC803B73C61A}") = "N:\...\OslHelpdesk\", ".", "{E600BDCB-8491-4CD5-94E4-16F7AA32E892}"
	ProjectSection(WebsiteProperties) = preProject
		Debug.AspNetCompiler.VirtualPath = "/OslHelpdesk"
		Debug.AspNetCompiler.PhysicalPath = "..\OslHelpdesk\"
		Debug.AspNetCompiler.TargetPath = "PrecompiledWeb\OslHelpdesk\"
		Debug.AspNetCompiler.Updateable = "true"
		Debug.AspNetCompiler.ForceOverwrite = "true"
		Debug.AspNetCompiler.FixedNames = "false"
		Debug.AspNetCompiler.Debug = "True"
		Release.AspNetCompiler.VirtualPath = "/OslHelpdesk"
		Release.AspNetCompiler.PhysicalPath = "..\OslHelpdesk\"
		Release.AspNetCompiler.TargetPath = "PrecompiledWeb\OslHelpdesk\"
		Release.AspNetCompiler.Updateable = "true"
		Release.AspNetCompiler.ForceOverwrite = "true"
		Release.AspNetCompiler.FixedNames = "false"
		Release.AspNetCompiler.Debug = "False"
		VWDPort = "2716"
	EndProjectSection
EndProject
Global
	GlobalSection(SolutionConfigurationPlatforms) = preSolution
		Debug|.NET = Debug|.NET
	EndGlobalSection
	GlobalSection(ProjectConfigurationPlatforms) = postSolution
		{E600BDCB-8491-4CD5-94E4-16F7AA32E892}.Debug|.NET.ActiveCfg = Debug|.NET
		{E600BDCB-8491-4CD5-94E4-16F7AA32E892}.Debug|.NET.Build.0 = Debug|.NET
	EndGlobalSection
	GlobalSection(SolutionProperties) = preSolution
		HideSolutionNode = FALSE
	EndGlobalSection
EndGlobal
